# This file is generated by running "yarn install" inside your project.
# Manual changes might be lost - proceed with caution!

__metadata:
  version: 6
  cacheKey: 8

"@esbuild/android-arm64@npm:0.17.3":
  version: 0.17.3
  resolution: "@esbuild/android-arm64@npm:0.17.3"
  conditions: os=android & cpu=arm64
  languageName: node
  linkType: hard

"@esbuild/android-arm@npm:0.17.3":
  version: 0.17.3
  resolution: "@esbuild/android-arm@npm:0.17.3"
  conditions: os=android & cpu=arm
  languageName: node
  linkType: hard

"@esbuild/android-x64@npm:0.17.3":
  version: 0.17.3
  resolution: "@esbuild/android-x64@npm:0.17.3"
  conditions: os=android & cpu=x64
  languageName: node
  linkType: hard

"@esbuild/darwin-arm64@npm:0.17.3":
  version: 0.17.3
  resolution: "@esbuild/darwin-arm64@npm:0.17.3"
  conditions: os=darwin & cpu=arm64
  languageName: node
  linkType: hard

"@esbuild/darwin-x64@npm:0.17.3":
  version: 0.17.3
  resolution: "@esbuild/darwin-x64@npm:0.17.3"
  conditions: os=darwin & cpu=x64
  languageName: node
  linkType: hard

"@esbuild/freebsd-arm64@npm:0.17.3":
  version: 0.17.3
  resolution: "@esbuild/freebsd-arm64@npm:0.17.3"
  conditions: os=freebsd & cpu=arm64
  languageName: node
  linkType: hard

"@esbuild/freebsd-x64@npm:0.17.3":
  version: 0.17.3
  resolution: "@esbuild/freebsd-x64@npm:0.17.3"
  conditions: os=freebsd & cpu=x64
  languageName: node
  linkType: hard

"@esbuild/linux-arm64@npm:0.17.3":
  version: 0.17.3
  resolution: "@esbuild/linux-arm64@npm:0.17.3"
  conditions: os=linux & cpu=arm64
  languageName: node
  linkType: hard

"@esbuild/linux-arm@npm:0.17.3":
  version: 0.17.3
  resolution: "@esbuild/linux-arm@npm:0.17.3"
  conditions: os=linux & cpu=arm
  languageName: node
  linkType: hard

"@esbuild/linux-ia32@npm:0.17.3":
  version: 0.17.3
  resolution: "@esbuild/linux-ia32@npm:0.17.3"
  conditions: os=linux & cpu=ia32
  languageName: node
  linkType: hard

"@esbuild/linux-loong64@npm:0.17.3":
  version: 0.17.3
  resolution: "@esbuild/linux-loong64@npm:0.17.3"
  conditions: os=linux & cpu=loong64
  languageName: node
  linkType: hard

"@esbuild/linux-mips64el@npm:0.17.3":
  version: 0.17.3
  resolution: "@esbuild/linux-mips64el@npm:0.17.3"
  conditions: os=linux & cpu=mips64el
  languageName: node
  linkType: hard

"@esbuild/linux-ppc64@npm:0.17.3":
  version: 0.17.3
  resolution: "@esbuild/linux-ppc64@npm:0.17.3"
  conditions: os=linux & cpu=ppc64
  languageName: node
  linkType: hard

"@esbuild/linux-riscv64@npm:0.17.3":
  version: 0.17.3
  resolution: "@esbuild/linux-riscv64@npm:0.17.3"
  conditions: os=linux & cpu=riscv64
  languageName: node
  linkType: hard

"@esbuild/linux-s390x@npm:0.17.3":
  version: 0.17.3
  resolution: "@esbuild/linux-s390x@npm:0.17.3"
  conditions: os=linux & cpu=s390x
  languageName: node
  linkType: hard

"@esbuild/linux-x64@npm:0.17.3":
  version: 0.17.3
  resolution: "@esbuild/linux-x64@npm:0.17.3"
  conditions: os=linux & cpu=x64
  languageName: node
  linkType: hard

"@esbuild/netbsd-x64@npm:0.17.3":
  version: 0.17.3
  resolution: "@esbuild/netbsd-x64@npm:0.17.3"
  conditions: os=netbsd & cpu=x64
  languageName: node
  linkType: hard

"@esbuild/openbsd-x64@npm:0.17.3":
  version: 0.17.3
  resolution: "@esbuild/openbsd-x64@npm:0.17.3"
  conditions: os=openbsd & cpu=x64
  languageName: node
  linkType: hard

"@esbuild/sunos-x64@npm:0.17.3":
  version: 0.17.3
  resolution: "@esbuild/sunos-x64@npm:0.17.3"
  conditions: os=sunos & cpu=x64
  languageName: node
  linkType: hard

"@esbuild/win32-arm64@npm:0.17.3":
  version: 0.17.3
  resolution: "@esbuild/win32-arm64@npm:0.17.3"
  conditions: os=win32 & cpu=arm64
  languageName: node
  linkType: hard

"@esbuild/win32-ia32@npm:0.17.3":
  version: 0.17.3
  resolution: "@esbuild/win32-ia32@npm:0.17.3"
  conditions: os=win32 & cpu=ia32
  languageName: node
  linkType: hard

"@esbuild/win32-x64@npm:0.17.3":
  version: 0.17.3
  resolution: "@esbuild/win32-x64@npm:0.17.3"
  conditions: os=win32 & cpu=x64
  languageName: node
  linkType: hard

"@nodelib/fs.scandir@npm:2.1.5":
  version: 2.1.5
  resolution: "@nodelib/fs.scandir@npm:2.1.5"
  dependencies:
    "@nodelib/fs.stat": 2.0.5
    run-parallel: ^1.1.9
  checksum: a970d595bd23c66c880e0ef1817791432dbb7acbb8d44b7e7d0e7a22f4521260d4a83f7f9fd61d44fda4610105577f8f58a60718105fb38352baed612fd79e59
  languageName: node
  linkType: hard

"@nodelib/fs.stat@npm:2.0.5, @nodelib/fs.stat@npm:^2.0.2":
  version: 2.0.5
  resolution: "@nodelib/fs.stat@npm:2.0.5"
  checksum: 012480b5ca9d97bff9261571dbbec7bbc6033f69cc92908bc1ecfad0792361a5a1994bc48674b9ef76419d056a03efadfce5a6cf6dbc0a36559571a7a483f6f0
  languageName: node
  linkType: hard

"@nodelib/fs.walk@npm:^1.2.3":
  version: 1.2.8
  resolution: "@nodelib/fs.walk@npm:1.2.8"
  dependencies:
    "@nodelib/fs.scandir": 2.1.5
    fastq: ^1.6.0
  checksum: 190c643f156d8f8f277bf2a6078af1ffde1fd43f498f187c2db24d35b4b4b5785c02c7dc52e356497b9a1b65b13edc996de08de0b961c32844364da02986dc53
  languageName: node
  linkType: hard

"@types/codemirror@npm:5.60.8":
  version: 5.60.8
  resolution: "@types/codemirror@npm:5.60.8"
  dependencies:
    "@types/tern": "*"
  checksum: bc3a63eab0308b3ef5ed2ca22afb7f1c0b8acde6477e1d569df7e93f3fe4f78754d28a3e081c72931259fe1bf906a319b54bcdeba74600b989e5558d32478496
  languageName: node
  linkType: hard

"@types/estree@npm:*":
  version: 1.0.5
  resolution: "@types/estree@npm:1.0.5"
  checksum: dd8b5bed28e6213b7acd0fb665a84e693554d850b0df423ac8076cc3ad5823a6bc26b0251d080bdc545af83179ede51dd3f6fa78cad2c46ed1f29624ddf3e41a
  languageName: node
  linkType: hard

"@types/json-schema@npm:^7.0.9":
  version: 7.0.15
  resolution: "@types/json-schema@npm:7.0.15"
  checksum: 97ed0cb44d4070aecea772b7b2e2ed971e10c81ec87dd4ecc160322ffa55ff330dace1793489540e3e318d90942064bb697cc0f8989391797792d919737b3b98
  languageName: node
  linkType: hard

"@types/node@npm:^16.11.6":
  version: 16.18.61
  resolution: "@types/node@npm:16.18.61"
  checksum: fdd162829eddc9b0b82a1ec485ba3876428ff3bd94c5869b13f4a36eb2aa9bddd22ea7e8ee3b2faa91a0f70ff08d8fd8d4be7dd0d143f8ee776907d6a1d2ed25
  languageName: node
  linkType: hard

"@types/tern@npm:*":
  version: 0.23.7
  resolution: "@types/tern@npm:0.23.7"
  dependencies:
    "@types/estree": "*"
  checksum: bce8a58ed13f7ebae03f8b6b4efe432f6520a9b4c06fa3af943520405204d4788e9c8e30cf4b0874f871392439a1dbefd6c40f65300d18c4b7515d1083836976
  languageName: node
  linkType: hard

"@typescript-eslint/eslint-plugin@npm:5.29.0":
  version: 5.29.0
  resolution: "@typescript-eslint/eslint-plugin@npm:5.29.0"
  dependencies:
    "@typescript-eslint/scope-manager": 5.29.0
    "@typescript-eslint/type-utils": 5.29.0
    "@typescript-eslint/utils": 5.29.0
    debug: ^4.3.4
    functional-red-black-tree: ^1.0.1
    ignore: ^5.2.0
    regexpp: ^3.2.0
    semver: ^7.3.7
    tsutils: ^3.21.0
  peerDependencies:
    "@typescript-eslint/parser": ^5.0.0
    eslint: ^6.0.0 || ^7.0.0 || ^8.0.0
  peerDependenciesMeta:
    typescript:
      optional: true
  checksum: b1022a640f80c314ac8b247a2ccdd21f4b523b3cb8906956f5d276008ac964c8a1e951b2b2b16ca9621eb795dc9bbf6447b5b767acfe4866a1bc3e3527d966fc
  languageName: node
  linkType: hard

"@typescript-eslint/parser@npm:5.29.0":
  version: 5.29.0
  resolution: "@typescript-eslint/parser@npm:5.29.0"
  dependencies:
    "@typescript-eslint/scope-manager": 5.29.0
    "@typescript-eslint/types": 5.29.0
    "@typescript-eslint/typescript-estree": 5.29.0
    debug: ^4.3.4
  peerDependencies:
    eslint: ^6.0.0 || ^7.0.0 || ^8.0.0
  peerDependenciesMeta:
    typescript:
      optional: true
  checksum: 7805796638d1ddbe21f2627e9f03493ec17710e22ae81d2345f3e0f5ff9cbf6f0cd1b0e05d8d0b9aa08435bafdb6b5c86f27d7115f0959de43e3322b86c00709
  languageName: node
  linkType: hard

"@typescript-eslint/scope-manager@npm:5.29.0":
  version: 5.29.0
  resolution: "@typescript-eslint/scope-manager@npm:5.29.0"
  dependencies:
    "@typescript-eslint/types": 5.29.0
    "@typescript-eslint/visitor-keys": 5.29.0
  checksum: 540642bef9c55fd7692af98dfb42ab99eeb82553f42ab2a3c4e132e02b5ba492da1c6bf1ca6b02b900a678fc74399ad6c564c0ca20d91032090b6cbcb01a5bde
  languageName: node
  linkType: hard

"@typescript-eslint/type-utils@npm:5.29.0":
  version: 5.29.0
  resolution: "@typescript-eslint/type-utils@npm:5.29.0"
  dependencies:
    "@typescript-eslint/utils": 5.29.0
    debug: ^4.3.4
    tsutils: ^3.21.0
  peerDependencies:
    eslint: "*"
  peerDependenciesMeta:
    typescript:
      optional: true
  checksum: 686b8ff05a7591f76a2a1d3746b988168dcbd59c2f52de095b19e4f8e17063e03dc3d0f7b3d84f7be6880f2df97c3e184877664d0b4275ea9871c31d1e58c7d2
  languageName: node
  linkType: hard

"@typescript-eslint/types@npm:5.29.0":
  version: 5.29.0
  resolution: "@typescript-eslint/types@npm:5.29.0"
  checksum: 982ecdd69103105cabff8deac7f82f6002cf909238702ce902133e9af655cd962f977d5adf650c5ddae80d8c0e46abe1612a9141b25c7ed20ba8d662eb7ab871
  languageName: node
  linkType: hard

"@typescript-eslint/typescript-estree@npm:5.29.0":
  version: 5.29.0
  resolution: "@typescript-eslint/typescript-estree@npm:5.29.0"
  dependencies:
    "@typescript-eslint/types": 5.29.0
    "@typescript-eslint/visitor-keys": 5.29.0
    debug: ^4.3.4
    globby: ^11.1.0
    is-glob: ^4.0.3
    semver: ^7.3.7
    tsutils: ^3.21.0
  peerDependenciesMeta:
    typescript:
      optional: true
  checksum: b91107a9fc31bf511aaa70f1e6d1d832d3acf08cfe999c870169447a7c223abff54c1d604bbb08d7c069dd98b43fb279bc314d1726097704fe8ad4c6e0969b12
  languageName: node
  linkType: hard

"@typescript-eslint/utils@npm:5.29.0":
  version: 5.29.0
  resolution: "@typescript-eslint/utils@npm:5.29.0"
  dependencies:
    "@types/json-schema": ^7.0.9
    "@typescript-eslint/scope-manager": 5.29.0
    "@typescript-eslint/types": 5.29.0
    "@typescript-eslint/typescript-estree": 5.29.0
    eslint-scope: ^5.1.1
    eslint-utils: ^3.0.0
  peerDependencies:
    eslint: ^6.0.0 || ^7.0.0 || ^8.0.0
  checksum: 216f51fb9c176437919af55db9ed14db8af7b020611e954c06e69956b9e3248cbfe6a218013d6c17b716116dca6566a4c03710f9b48ce4e94f89312d61c16d07
  languageName: node
  linkType: hard

"@typescript-eslint/visitor-keys@npm:5.29.0":
  version: 5.29.0
  resolution: "@typescript-eslint/visitor-keys@npm:5.29.0"
  dependencies:
    "@typescript-eslint/types": 5.29.0
    eslint-visitor-keys: ^3.3.0
  checksum: 15f228ad9ffaf0e42cc6b2ee4e5095c1e89c4c2dc46a65d19ca0e2296d88c08a1192039d942bd9600b1496176749f6322d636dd307602dbab90404a9501b4d6e
  languageName: node
  linkType: hard

"array-union@npm:^2.1.0":
  version: 2.1.0
  resolution: "array-union@npm:2.1.0"
  checksum: 5bee12395cba82da674931df6d0fea23c4aa4660cb3b338ced9f828782a65caa232573e6bf3968f23e0c5eb301764a382cef2f128b170a9dc59de0e36c39f98d
  languageName: node
  linkType: hard

"braces@npm:^3.0.2":
  version: 3.0.2
  resolution: "braces@npm:3.0.2"
  dependencies:
    fill-range: ^7.0.1
  checksum: e2a8e769a863f3d4ee887b5fe21f63193a891c68b612ddb4b68d82d1b5f3ff9073af066c343e9867a393fe4c2555dcb33e89b937195feb9c1613d259edfcd459
  languageName: node
  linkType: hard

"builtin-modules@npm:3.3.0":
  version: 3.3.0
  resolution: "builtin-modules@npm:3.3.0"
  checksum: db021755d7ed8be048f25668fe2117620861ef6703ea2c65ed2779c9e3636d5c3b82325bd912244293959ff3ae303afa3471f6a15bf5060c103e4cc3a839749d
  languageName: node
  linkType: hard

"debug@npm:^4.3.4":
  version: 4.3.4
  resolution: "debug@npm:4.3.4"
  dependencies:
    ms: 2.1.2
  peerDependenciesMeta:
    supports-color:
      optional: true
  checksum: 3dbad3f94ea64f34431a9cbf0bafb61853eda57bff2880036153438f50fb5a84f27683ba0d8e5426bf41a8c6ff03879488120cf5b3a761e77953169c0600a708
  languageName: node
  linkType: hard

"dir-glob@npm:^3.0.1":
  version: 3.0.1
  resolution: "dir-glob@npm:3.0.1"
  dependencies:
    path-type: ^4.0.0
  checksum: fa05e18324510d7283f55862f3161c6759a3f2f8dbce491a2fc14c8324c498286c54282c1f0e933cb930da8419b30679389499b919122952a4f8592362ef4615
  languageName: node
  linkType: hard

"esbuild@npm:0.17.3":
  version: 0.17.3
  resolution: "esbuild@npm:0.17.3"
  dependencies:
    "@esbuild/android-arm": 0.17.3
    "@esbuild/android-arm64": 0.17.3
    "@esbuild/android-x64": 0.17.3
    "@esbuild/darwin-arm64": 0.17.3
    "@esbuild/darwin-x64": 0.17.3
    "@esbuild/freebsd-arm64": 0.17.3
    "@esbuild/freebsd-x64": 0.17.3
    "@esbuild/linux-arm": 0.17.3
    "@esbuild/linux-arm64": 0.17.3
    "@esbuild/linux-ia32": 0.17.3
    "@esbuild/linux-loong64": 0.17.3
    "@esbuild/linux-mips64el": 0.17.3
    "@esbuild/linux-ppc64": 0.17.3
    "@esbuild/linux-riscv64": 0.17.3
    "@esbuild/linux-s390x": 0.17.3
    "@esbuild/linux-x64": 0.17.3
    "@esbuild/netbsd-x64": 0.17.3
    "@esbuild/openbsd-x64": 0.17.3
    "@esbuild/sunos-x64": 0.17.3
    "@esbuild/win32-arm64": 0.17.3
    "@esbuild/win32-ia32": 0.17.3
    "@esbuild/win32-x64": 0.17.3
  dependenciesMeta:
    "@esbuild/android-arm":
      optional: true
    "@esbuild/android-arm64":
      optional: true
    "@esbuild/android-x64":
      optional: true
    "@esbuild/darwin-arm64":
      optional: true
    "@esbuild/darwin-x64":
      optional: true
    "@esbuild/freebsd-arm64":
      optional: true
    "@esbuild/freebsd-x64":
      optional: true
    "@esbuild/linux-arm":
      optional: true
    "@esbuild/linux-arm64":
      optional: true
    "@esbuild/linux-ia32":
      optional: true
    "@esbuild/linux-loong64":
      optional: true
    "@esbuild/linux-mips64el":
      optional: true
    "@esbuild/linux-ppc64":
      optional: true
    "@esbuild/linux-riscv64":
      optional: true
    "@esbuild/linux-s390x":
      optional: true
    "@esbuild/linux-x64":
      optional: true
    "@esbuild/netbsd-x64":
      optional: true
    "@esbuild/openbsd-x64":
      optional: true
    "@esbuild/sunos-x64":
      optional: true
    "@esbuild/win32-arm64":
      optional: true
    "@esbuild/win32-ia32":
      optional: true
    "@esbuild/win32-x64":
      optional: true
  bin:
    esbuild: bin/esbuild
  checksum: 7ba0dc84982cd380e300beee746d1a13834a6016652529e9f4be26d50a53136064c199c211beb5cf22048f37ed50c2cc109396757d402e545aee538de7ff31f4
  languageName: node
  linkType: hard

"eslint-scope@npm:^5.1.1":
  version: 5.1.1
  resolution: "eslint-scope@npm:5.1.1"
  dependencies:
    esrecurse: ^4.3.0
    estraverse: ^4.1.1
  checksum: 47e4b6a3f0cc29c7feedee6c67b225a2da7e155802c6ea13bbef4ac6b9e10c66cd2dcb987867ef176292bf4e64eccc680a49e35e9e9c669f4a02bac17e86abdb
  languageName: node
  linkType: hard

"eslint-utils@npm:^3.0.0":
  version: 3.0.0
  resolution: "eslint-utils@npm:3.0.0"
  dependencies:
    eslint-visitor-keys: ^2.0.0
  peerDependencies:
    eslint: ">=5"
  checksum: 0668fe02f5adab2e5a367eee5089f4c39033af20499df88fe4e6aba2015c20720404d8c3d6349b6f716b08fdf91b9da4e5d5481f265049278099c4c836ccb619
  languageName: node
  linkType: hard

"eslint-visitor-keys@npm:^2.0.0":
  version: 2.1.0
  resolution: "eslint-visitor-keys@npm:2.1.0"
  checksum: e3081d7dd2611a35f0388bbdc2f5da60b3a3c5b8b6e928daffff7391146b434d691577aa95064c8b7faad0b8a680266bcda0a42439c18c717b80e6718d7e267d
  languageName: node
  linkType: hard

"eslint-visitor-keys@npm:^3.3.0":
  version: 3.4.3
  resolution: "eslint-visitor-keys@npm:3.4.3"
  checksum: 36e9ef87fca698b6fd7ca5ca35d7b2b6eeaaf106572e2f7fd31c12d3bfdaccdb587bba6d3621067e5aece31c8c3a348b93922ab8f7b2cbc6aaab5e1d89040c60
  languageName: node
  linkType: hard

"esrecurse@npm:^4.3.0":
  version: 4.3.0
  resolution: "esrecurse@npm:4.3.0"
  dependencies:
    estraverse: ^5.2.0
  checksum: ebc17b1a33c51cef46fdc28b958994b1dc43cd2e86237515cbc3b4e5d2be6a811b2315d0a1a4d9d340b6d2308b15322f5c8291059521cc5f4802f65e7ec32837
  languageName: node
  linkType: hard

"estraverse@npm:^4.1.1":
  version: 4.3.0
  resolution: "estraverse@npm:4.3.0"
  checksum: a6299491f9940bb246124a8d44b7b7a413a8336f5436f9837aaa9330209bd9ee8af7e91a654a3545aee9c54b3308e78ee360cef1d777d37cfef77d2fa33b5827
  languageName: node
  linkType: hard

"estraverse@npm:^5.2.0":
  version: 5.3.0
  resolution: "estraverse@npm:5.3.0"
  checksum: 072780882dc8416ad144f8fe199628d2b3e7bbc9989d9ed43795d2c90309a2047e6bc5979d7e2322a341163d22cfad9e21f4110597fe487519697389497e4e2b
  languageName: node
  linkType: hard

"fast-glob@npm:^3.2.9":
  version: 3.3.2
  resolution: "fast-glob@npm:3.3.2"
  dependencies:
    "@nodelib/fs.stat": ^2.0.2
    "@nodelib/fs.walk": ^1.2.3
    glob-parent: ^5.1.2
    merge2: ^1.3.0
    micromatch: ^4.0.4
  checksum: 900e4979f4dbc3313840078419245621259f349950411ca2fa445a2f9a1a6d98c3b5e7e0660c5ccd563aa61abe133a21765c6c0dec8e57da1ba71d8000b05ec1
  languageName: node
  linkType: hard

"fastq@npm:^1.6.0":
  version: 1.15.0
  resolution: "fastq@npm:1.15.0"
  dependencies:
    reusify: ^1.0.4
  checksum: 0170e6bfcd5d57a70412440b8ef600da6de3b2a6c5966aeaf0a852d542daff506a0ee92d6de7679d1de82e644bce69d7a574a6c93f0b03964b5337eed75ada1a
  languageName: node
  linkType: hard

"fill-range@npm:^7.0.1":
  version: 7.0.1
  resolution: "fill-range@npm:7.0.1"
  dependencies:
    to-regex-range: ^5.0.1
  checksum: cc283f4e65b504259e64fd969bcf4def4eb08d85565e906b7d36516e87819db52029a76b6363d0f02d0d532f0033c9603b9e2d943d56ee3b0d4f7ad3328ff917
  languageName: node
  linkType: hard

"functional-red-black-tree@npm:^1.0.1":
  version: 1.0.1
  resolution: "functional-red-black-tree@npm:1.0.1"
  checksum: ca6c170f37640e2d94297da8bb4bf27a1d12bea3e00e6a3e007fd7aa32e37e000f5772acf941b4e4f3cf1c95c3752033d0c509af157ad8f526e7f00723b9eb9f
  languageName: node
  linkType: hard

"glob-parent@npm:^5.1.2":
  version: 5.1.2
  resolution: "glob-parent@npm:5.1.2"
  dependencies:
    is-glob: ^4.0.1
  checksum: f4f2bfe2425296e8a47e36864e4f42be38a996db40420fe434565e4480e3322f18eb37589617a98640c5dc8fdec1a387007ee18dbb1f3f5553409c34d17f425e
  languageName: node
  linkType: hard

"globby@npm:^11.1.0":
  version: 11.1.0
  resolution: "globby@npm:11.1.0"
  dependencies:
    array-union: ^2.1.0
    dir-glob: ^3.0.1
    fast-glob: ^3.2.9
    ignore: ^5.2.0
    merge2: ^1.4.1
    slash: ^3.0.0
  checksum: b4be8885e0cfa018fc783792942d53926c35c50b3aefd3fdcfb9d22c627639dc26bd2327a40a0b74b074100ce95bb7187bfeae2f236856aa3de183af7a02aea6
  languageName: node
  linkType: hard

"ignore@npm:^5.2.0":
  version: 5.2.4
  resolution: "ignore@npm:5.2.4"
  checksum: 3d4c309c6006e2621659311783eaea7ebcd41fe4ca1d78c91c473157ad6666a57a2df790fe0d07a12300d9aac2888204d7be8d59f9aaf665b1c7fcdb432517ef
  languageName: node
  linkType: hard

"is-extglob@npm:^2.1.1":
  version: 2.1.1
  resolution: "is-extglob@npm:2.1.1"
  checksum: df033653d06d0eb567461e58a7a8c9f940bd8c22274b94bf7671ab36df5719791aae15eef6d83bbb5e23283967f2f984b8914559d4449efda578c775c4be6f85
  languageName: node
  linkType: hard

"is-glob@npm:^4.0.1, is-glob@npm:^4.0.3":
  version: 4.0.3
  resolution: "is-glob@npm:4.0.3"
  dependencies:
    is-extglob: ^2.1.1
  checksum: d381c1319fcb69d341cc6e6c7cd588e17cd94722d9a32dbd60660b993c4fb7d0f19438674e68dfec686d09b7c73139c9166b47597f846af387450224a8101ab4
  languageName: node
  linkType: hard

"is-number@npm:^7.0.0":
  version: 7.0.0
  resolution: "is-number@npm:7.0.0"
  checksum: 456ac6f8e0f3111ed34668a624e45315201dff921e5ac181f8ec24923b99e9f32ca1a194912dc79d539c97d33dba17dc635202ff0b2cf98326f608323276d27a
  languageName: node
  linkType: hard

"lru-cache@npm:^6.0.0":
  version: 6.0.0
  resolution: "lru-cache@npm:6.0.0"
  dependencies:
    yallist: ^4.0.0
  checksum: f97f499f898f23e4585742138a22f22526254fdba6d75d41a1c2526b3b6cc5747ef59c5612ba7375f42aca4f8461950e925ba08c991ead0651b4918b7c978297
  languageName: node
  linkType: hard

"merge2@npm:^1.3.0, merge2@npm:^1.4.1":
  version: 1.4.1
  resolution: "merge2@npm:1.4.1"
  checksum: 7268db63ed5169466540b6fb947aec313200bcf6d40c5ab722c22e242f651994619bcd85601602972d3c85bd2cc45a358a4c61937e9f11a061919a1da569b0c2
  languageName: node
  linkType: hard

"micromatch@npm:^4.0.4":
  version: 4.0.5
  resolution: "micromatch@npm:4.0.5"
  dependencies:
    braces: ^3.0.2
    picomatch: ^2.3.1
  checksum: 02a17b671c06e8fefeeb6ef996119c1e597c942e632a21ef589154f23898c9c6a9858526246abb14f8bca6e77734aa9dcf65476fca47cedfb80d9577d52843fc
  languageName: node
  linkType: hard

"moment@npm:2.29.4":
  version: 2.29.4
  resolution: "moment@npm:2.29.4"
  checksum: 0ec3f9c2bcba38dc2451b1daed5daded747f17610b92427bebe1d08d48d8b7bdd8d9197500b072d14e326dd0ccf3e326b9e3d07c5895d3d49e39b6803b76e80e
  languageName: node
  linkType: hard

"ms@npm:2.1.2":
  version: 2.1.2
  resolution: "ms@npm:2.1.2"
  checksum: 673cdb2c3133eb050c745908d8ce632ed2c02d85640e2edb3ace856a2266a813b30c613569bf3354fdf4ea7d1a1494add3bfa95e2713baa27d0c2c71fc44f58f
  languageName: node
  linkType: hard

"obsidian-sample-plugin@workspace:.":
  version: 0.0.0-use.local
  resolution: "obsidian-sample-plugin@workspace:."
  dependencies:
    "@types/node": ^16.11.6
    "@typescript-eslint/eslint-plugin": 5.29.0
    "@typescript-eslint/parser": 5.29.0
    builtin-modules: 3.3.0
    esbuild: 0.17.3
    obsidian: latest
    tslib: 2.4.0
    typescript: 4.7.4
  languageName: unknown
  linkType: soft

"obsidian@npm:latest":
  version: 1.4.11
  resolution: "obsidian@npm:1.4.11"
  dependencies:
    "@types/codemirror": 5.60.8
    moment: 2.29.4
  peerDependencies:
    "@codemirror/state": ^6.0.0
    "@codemirror/view": ^6.0.0
  checksum: 7423dca58f7f5fc013fa7e305cad17fcf689d0b48c2f820f22d01a75c8666a9764358f5fb91d91641eaa99230f651dbe0c723fcc3d272de9dce6cad9e4203595
  languageName: node
  linkType: hard

"path-type@npm:^4.0.0":
  version: 4.0.0
  resolution: "path-type@npm:4.0.0"
  checksum: 5b1e2daa247062061325b8fdbfd1fb56dde0a448fb1455453276ea18c60685bdad23a445dc148cf87bc216be1573357509b7d4060494a6fd768c7efad833ee45
  languageName: node
  linkType: hard

"picomatch@npm:^2.3.1":
  version: 2.3.1
  resolution: "picomatch@npm:2.3.1"
  checksum: 050c865ce81119c4822c45d3c84f1ced46f93a0126febae20737bd05ca20589c564d6e9226977df859ed5e03dc73f02584a2b0faad36e896936238238b0446cf
  languageName: node
  linkType: hard

"queue-microtask@npm:^1.2.2":
  version: 1.2.3
  resolution: "queue-microtask@npm:1.2.3"
  checksum: b676f8c040cdc5b12723ad2f91414d267605b26419d5c821ff03befa817ddd10e238d22b25d604920340fd73efd8ba795465a0377c4adf45a4a41e4234e42dc4
  languageName: node
  linkType: hard

"regexpp@npm:^3.2.0":
  version: 3.2.0
  resolution: "regexpp@npm:3.2.0"
  checksum: a78dc5c7158ad9ddcfe01aa9144f46e192ddbfa7b263895a70a5c6c73edd9ce85faf7c0430e59ac38839e1734e275b9c3de5c57ee3ab6edc0e0b1bdebefccef8
  languageName: node
  linkType: hard

"reusify@npm:^1.0.4":
  version: 1.0.4
  resolution: "reusify@npm:1.0.4"
  checksum: c3076ebcc22a6bc252cb0b9c77561795256c22b757f40c0d8110b1300723f15ec0fc8685e8d4ea6d7666f36c79ccc793b1939c748bf36f18f542744a4e379fcc
  languageName: node
  linkType: hard

"run-parallel@npm:^1.1.9":
  version: 1.2.0
  resolution: "run-parallel@npm:1.2.0"
  dependencies:
    queue-microtask: ^1.2.2
  checksum: cb4f97ad25a75ebc11a8ef4e33bb962f8af8516bb2001082ceabd8902e15b98f4b84b4f8a9b222e5d57fc3bd1379c483886ed4619367a7680dad65316993021d
  languageName: node
  linkType: hard

"semver@npm:^7.3.7":
  version: 7.5.4
  resolution: "semver@npm:7.5.4"
  dependencies:
    lru-cache: ^6.0.0
  bin:
    semver: bin/semver.js
  checksum: 12d8ad952fa353b0995bf180cdac205a4068b759a140e5d3c608317098b3575ac2f1e09182206bf2eb26120e1c0ed8fb92c48c592f6099680de56bb071423ca3
  languageName: node
  linkType: hard

"slash@npm:^3.0.0":
  version: 3.0.0
  resolution: "slash@npm:3.0.0"
  checksum: 94a93fff615f25a999ad4b83c9d5e257a7280c90a32a7cb8b4a87996e4babf322e469c42b7f649fd5796edd8687652f3fb452a86dc97a816f01113183393f11c
  languageName: node
  linkType: hard

"to-regex-range@npm:^5.0.1":
  version: 5.0.1
  resolution: "to-regex-range@npm:5.0.1"
  dependencies:
    is-number: ^7.0.0
  checksum: f76fa01b3d5be85db6a2a143e24df9f60dd047d151062d0ba3df62953f2f697b16fe5dad9b0ac6191c7efc7b1d9dcaa4b768174b7b29da89d4428e64bc0a20ed
  languageName: node
  linkType: hard

"tslib@npm:2.4.0":
  version: 2.4.0
  resolution: "tslib@npm:2.4.0"
  checksum: 8c4aa6a3c5a754bf76aefc38026134180c053b7bd2f81338cb5e5ebf96fefa0f417bff221592bf801077f5bf990562f6264fecbc42cd3309b33872cb6fc3b113
  languageName: node
  linkType: hard

"tslib@npm:^1.8.1":
  version: 1.14.1
  resolution: "tslib@npm:1.14.1"
  checksum: dbe628ef87f66691d5d2959b3e41b9ca0045c3ee3c7c7b906cc1e328b39f199bb1ad9e671c39025bd56122ac57dfbf7385a94843b1cc07c60a4db74795829acd
  languageName: node
  linkType: hard

"tsutils@npm:^3.21.0":
  version: 3.21.0
  resolution: "tsutils@npm:3.21.0"
  dependencies:
    tslib: ^1.8.1
  peerDependencies:
    typescript: ">=2.8.0 || >= 3.2.0-dev || >= 3.3.0-dev || >= 3.4.0-dev || >= 3.5.0-dev || >= 3.6.0-dev || >= 3.6.0-beta || >= 3.7.0-dev || >= 3.7.0-beta"
  checksum: 1843f4c1b2e0f975e08c4c21caa4af4f7f65a12ac1b81b3b8489366826259323feb3fc7a243123453d2d1a02314205a7634e048d4a8009921da19f99755cdc48
  languageName: node
  linkType: hard

"typescript@npm:4.7.4":
  version: 4.7.4
  resolution: "typescript@npm:4.7.4"
  bin:
    tsc: bin/tsc
    tsserver: bin/tsserver
  checksum: 5750181b1cd7e6482c4195825547e70f944114fb47e58e4aa7553e62f11b3f3173766aef9c281783edfd881f7b8299cf35e3ca8caebe73d8464528c907a164df
  languageName: node
  linkType: hard

"typescript@patch:typescript@4.7.4#~builtin<compat/typescript>":
  version: 4.7.4
  resolution: "typescript@patch:typescript@npm%3A4.7.4#~builtin<compat/typescript>::version=4.7.4&hash=65a307"
  bin:
    tsc: bin/tsc
    tsserver: bin/tsserver
  checksum: 9096d8f6c16cb80ef3bf96fcbbd055bf1c4a43bd14f3b7be45a9fbe7ada46ec977f604d5feed3263b4f2aa7d4c7477ce5f9cd87de0d6feedec69a983f3a4f93e
  languageName: node
  linkType: hard

"yallist@npm:^4.0.0":
  version: 4.0.0
  resolution: "yallist@npm:4.0.0"
  checksum: 343617202af32df2a15a3be36a5a8c0c8545208f3d3dfbc6bb7c3e3b7e8c6f8e7485432e4f3b88da3031a6e20afa7c711eded32ddfb122896ac5d914e75848d5
  languageName: node
  linkType: hard
